// !$*UTF8*$!
{
	archiveVersion = 1;
	classes = {
	};
	objectVersion = 50;
	objects = {

/* Begin PBXBuildFile section */
		BEF2C0E8214970E200813775 /* AppDelegate.swift in Sources */ = {isa = PBXBuildFile; fileRef = BEF2C0E7214970E200813775 /* AppDelegate.swift */; };
		BEF2C0EA214970E200813775 /* ViewController.swift in Sources */ = {isa = PBXBuildFile; fileRef = BEF2C0E9214970E200813775 /* ViewController.swift */; };
		BEF2C0ED214970E200813775 /* Main.storyboard in Resources */ = {isa = PBXBuildFile; fileRef = BEF2C0EB214970E200813775 /* Main.storyboard */; };
		BEF2C0F0214970E200813775 /* DesignCodeApp.xcdatamodeld in Sources */ = {isa = PBXBuildFile; fileRef = BEF2C0EE214970E200813775 /* DesignCodeApp.xcdatamodeld */; };
		BEF2C0F2214970E400813775 /* Assets.xcassets in Resources */ = {isa = PBXBuildFile; fileRef = BEF2C0F1214970E400813775 /* Assets.xcassets */; };
		BEF2C0F5214970E400813775 /* LaunchScreen.storyboard in Resources */ = {isa = PBXBuildFile; fileRef = BEF2C0F3214970E400813775 /* LaunchScreen.storyboard */; };
/* End PBXBuildFile section */

/* Begin PBXFileReference section */
		BEF2C0E4214970E200813775 /* DesignCodeApp.app */ = {isa = PBXFileReference; explicitFileType = wrapper.application; includeInIndex = 0; path = DesignCodeApp.app; sourceTree = BUILT_PRODUCTS_DIR; };
		BEF2C0E7214970E200813775 /* AppDelegate.swift */ = {isa = PBXFileReference; lastKnownFileType = sourcecode.swift; path = AppDelegate.swift; sourceTree = "<group>"; };
		BEF2C0E9214970E200813775 /* ViewController.swift */ = {isa = PBXFileReference; lastKnownFileType = sourcecode.swift; path = ViewController.swift; sourceTree = "<group>"; };
		BEF2C0EC214970E200813775 /* Base */ = {isa = PBXFileReference; lastKnownFileType = file.storyboard; name = Base; path = Base.lproj/Main.storyboard; sourceTree = "<group>"; };
		BEF2C0EF214970E200813775 /* DesignCodeApp.xcdatamodel */ = {isa = PBXFileReference; lastKnownFileType = wrapper.xcdatamodel; path = DesignCodeApp.xcdatamodel; sourceTree = "<group>"; };
		BEF2C0F1214970E400813775 /* Assets.xcassets */ = {isa = PBXFileReference; lastKnownFileType = folder.assetcatalog; path = Assets.xcassets; sourceTree = "<group>"; };
		BEF2C0F4214970E400813775 /* Base */ = {isa = PBXFileReference; lastKnownFileType = file.storyboard; name = Base; path = Base.lproj/LaunchScreen.storyboard; sourceTree = "<group>"; };
		BEF2C0F6214970E400813775 /* Info.plist */ = {isa = PBXFileReference; lastKnownFileType = text.plist.xml; path = Info.plist; sourceTree = "<group>"; };
/* End PBXFileReference section */

/* Begin PBXFrameworksBuildPhase section */
		BEF2C0E1214970E200813775 /* Frameworks */ = {
			isa = PBXFrameworksBuildPhase;
			buildActionMask = 2147483647;
			files = (
			);
			runOnlyForDeploymentPostprocessing = 0;
		};
/* End PBXFrameworksBuildPhase section */

/* Begin PBXGroup section */
		BEF2C0DB214970E200813775 = {
			isa = PBXGroup;
			children = (
				BEF2C0E6214970E200813775 /* DesignCodeApp */,
				BEF2C0E5214970E200813775 /* Products */,
			);
			sourceTree = "<group>";
		};
		BEF2C0E5214970E200813775 /* Products */ = {
			isa = PBXGroup;
			children = (
				BEF2C0E4214970E200813775 /* DesignCodeApp.app */,
			);
			name = Products;
			sourceTree = "<group>";
		};
		BEF2C0E6214970E200813775 /* DesignCodeApp */ = {
			isa = PBXGroup;
			children = (
				BEF2C0E7214970E200813775 /* AppDelegate.swift */,
				BEF2C0E9214970E200813775 /* ViewController.swift */,
				BEF2C0EB214970E200813775 /* Main.storyboard */,
				BEF2C0F1214970E400813775 /* Assets.xcassets */,
				BEF2C0F3214970E400813775 /* LaunchScreen.storyboard */,
				BEF2C0F6214970E400813775 /* Info.plist */,
				BEF2C0EE214970E200813775 /* DesignCodeApp.xcdatamodeld */,
			);
			path = DesignCodeApp;
			sourceTree = "<group>";
		};
/* End PBXGroup section */

/* Begin PBXNativeTarget section */
		BEF2C0E3214970E200813775 /* DesignCodeApp */ = {
			isa = PBXNativeTarget;
			buildConfigurationList = BEF2C0F9214970E400813775 /* Build configuration list for PBXNativeTarget "DesignCodeApp" */;
			buildPhases = (
				BEF2C0E0214970E200813775 /* Sources */,
				BEF2C0E1214970E200813775 /* Frameworks */,
				BEF2C0E2214970E200813775 /* Resources */,
			);
			buildRules = (
			);
			dependencies = (
			);
			name = DesignCodeApp;
			productName = DesignCodeApp;
			productReference = BEF2C0E4214970E200813775 /* DesignCodeApp.app */;
			productType = "com.apple.product-type.application";
		};
/* End PBXNativeTarget section */

/* Begin PBXProject section */
		BEF2C0DC214970E200813775 /* Project object */ = {
			isa = PBXProject;
			attributes = {
				LastSwiftUpdateCheck = 0930;
				LastUpgradeCheck = 0930;
				ORGANIZATIONNAME = fanzhang;
				TargetAttributes = {
					BEF2C0E3214970E200813775 = {
						CreatedOnToolsVersion = 9.3;
					};
				};
			};
			buildConfigurationList = BEF2C0DF214970E200813775 /* Build configuration list for PBXProject "DesignCodeApp" */;
			compatibilityVersion = "Xcode 9.3";
			developmentRegion = en;
			hasScannedForEncodings = 0;
			knownRegions = (
				en,
				Base,
			);
			mainGroup = BEF2C0DB214970E200813775;
			productRefGroup = BEF2C0E5214970E200813775 /* Products */;
			projectDirPath = "";
			projectRoot = "";
			targets = (
				BEF2C0E3214970E200813775 /* DesignCodeApp */,
			);
		};
/* End PBXProject section */

/* Begin PBXResourcesBuildPhase section */
		BEF2C0E2214970E200813775 /* Resources */ = {
			isa = PBXResourcesBuildPhase;
			buildActionMask = 2147483647;
			files = (
				BEF2C0F5214970E400813775 /* LaunchScreen.storyboard in Resources */,
				BEF2C0F2214970E400813775 /* Assets.xcassets in Resources */,
				BEF2C0ED214970E200813775 /* Main.storyboard in Resources */,
			);
			runOnlyForDeploymentPostprocessing = 0;
		};
/* End PBXResourcesBuildPhase section */

/* Begin PBXSourcesBuildPhase section */
		BEF2C0E0214970E200813775 /* Sources */ = {
			isa = PBXSourcesBuildPhase;
			buildActionMask = 2147483647;
			files = (
				BEF2C0EA214970E200813775 /* ViewController.swift in Sources */,
				BEF2C0E8214970E200813775 /* AppDelegate.swift in Sources */,
				BEF2C0F0214970E200813775 /* DesignCodeApp.xcdatamodeld in Sources */,
			);
			runOnlyForDeploymentPostprocessing = 0;
		};
/* End PBXSourcesBuildPhase section */

/* Begin PBXVariantGroup section */
		BEF2C0EB214970E200813775 /* Main.storyboard */ = {
			isa = PBXVariantGroup;
			children = (
				BEF2C0EC214970E200813775 /* Base */,
			);
			name = Main.storyboard;
			sourceTree = "<group>";
		};
		BEF2C0F3214970E400813775 /* LaunchScreen.storyboard */ = {
			isa = PBXVariantGroup;
			children = (
				BEF2C0F4214970E400813775 /* Base */,
			);
			name = LaunchScreen.storyboard;
			sourceTree = "<group>";
		};
/* End PBXVariantGroup section */

/* Begin XCBuildConfiguration section */
		BEF2C0F7214970E400813775 /* Debug */ = {
			isa = XCBuildConfiguration;
			buildSettings = {
				ALWAYS_SEARCH_USER_PATHS = NO;
				CLANG_ANALYZER_NONNULL = YES;
				CLANG_ANALYZER_NUMBER_OBJECT_CONVERSION = YES_AGGRESSIVE;
				CLANG_CXX_LANGUAGE_STANDARD = "gnu++14";
				CLANG_CXX_LIBRARY = "libc++";
				CLANG_ENABLE_MODULES = YES;
				CLANG_ENABLE_OBJC_ARC = YES;
				CLANG_ENABLE_OBJC_WEAK = YES;
				CLANG_WARN_BLOCK_CAPTURE_AUTORELEASING = YES;
				CLANG_WARN_BOOL_CONVERSION = YES;
				CLANG_WARN_COMMA = YES;
				CLANG_WARN_CONSTANT_CONVERSION = YES;
				CLANG_WARN_DEPRECATED_OBJC_IMPLEMENTATIONS = YES;
				CLANG_WARN_DIRECT_OBJC_ISA_USAGE = YES_ERROR;
				CLANG_WARN_DOCUMENTATION_COMMENTS = YES;
				CLANG_WARN_EMPTY_BODY = YES;
				CLANG_WARN_ENUM_CONVERSION = YES;
				CLANG_WARN_INFINITE_RECURSION = YES;
				CLANG_WARN_INT_CONVERSION = YES;
				CLANG_WARN_NON_LITERAL_NULL_CONVERSION = YES;
				CLANG_WARN_OBJC_IMPLICIT_RETAIN_SELF = YES;
				CLANG_WARN_OBJC_LITERAL_CONVERSION = YES;
				CLANG_WARN_OBJC_ROOT_CLASS = YES_ERROR;
				CLANG_WARN_RANGE_LOOP_ANALYSIS = YES;
				CLANG_WARN_STRICT_PROTOTYPES = YES;
				CLANG_WARN_SUSPICIOUS_MOVE = YES;
				CLANG_WARN_UNGUARDED_AVAILABILITY = YES_AGGRESSIVE;
				CLANG_WARN_UNREACHABLE_CODE = YES;
				CLANG_WARN__DUPLICATE_METHOD_MATCH = YES;
				CODE_SIGN_IDENTITY = "iPhone Developer";
				COPY_PHASE_STRIP = NO;
				DEBUG_INFORMATION_FORMAT = dwarf;
				ENABLE_STRICT_OBJC_MSGSEND = YES;
				ENABLE_TESTABILITY = YES;
				GCC_C_LANGUAGE_STANDARD = gnu11;
				GCC_DYNAMIC_NO_PIC = NO;
				GCC_NO_COMMON_BLOCKS = YES;
				GCC_OPTIMIZATION_LEVEL = 0;
				GCC_PREPROCESSOR_DEFINITIONS = (
					"DEBUG=1",
					"$(inherited)",
				);
				GCC_WARN_64_TO_32_BIT_CONVERSION = YES;
				GCC_WARN_ABOUT_RETURN_TYPE = YES_ERROR;
				GCC_WARN_UNDECLARED_SELECTOR = YES;
				GCC_WARN_UNINITIALIZED_AUTOS = YES_AGGRESSIVE;
				GCC_WARN_UNUSED_FUNCTION = YES;
				GCC_WARN_UNUSED_VARIABLE = YES;
				IPHONEOS_DEPLOYMENT_TARGET = 11.3;
				MTL_ENABLE_DEBUG_INFO = YES;
				ONLY_ACTIVE_ARCH = YES;
				SDKROOT = iphoneos;
				SWIFT_ACTIVE_COMPILATION_CONDITIONS = DEBUG;
				SWIFT_OPTIMIZATION_LEVEL = "-Onone";
			};
			name = Debug;
		};
		BEF2C0F8214970E400813775 /* Release */ = {
			isa = XCBuildConfiguration;
			buildSettings = {
				ALWAYS_SEARCH_USER_PATHS = NO;
				CLANG_ANALYZER_NONNULL = YES;
				CLANG_ANALYZER_NUMBER_OBJECT_CONVERSION = YES_AGGRESSIVE;
				CLANG_CXX_LANGUAGE_STANDARD = "gnu++14";
				CLANG_CXX_LIBRARY = "libc++";
				CLANG_ENABLE_MODULES = YES;
				CLANG_ENABLE_OBJC_ARC = YES;
				CLANG_ENABLE_OBJC_WEAK = YES;
				CLANG_WARN_BLOCK_CAPTURE_AUTORELEASING = YES;
				CLANG_WARN_BOOL_CONVERSION = YES;
				CLANG_WARN_COMMA = YES;
				CLANG_WARN_CONSTANT_CONVERSION = YES;
				CLANG_WARN_DEPRECATED_OBJC_IMPLEMENTATIONS = YES;
				CLANG_WARN_DIRECT_OBJC_ISA_USAGE = YES_ERROR;
				CLANG_WARN_DOCUMENTATION_COMMENTS = YES;
				CLANG_WARN_EMPTY_BODY = YES;
				CLANG_WARN_ENUM_CONVERSION = YES;
				CLANG_WARN_INFINITE_RECURSION = YES;
				CLANG_WARN_INT_CONVERSION = YES;
				CLANG_WARN_NON_LITERAL_NULL_CONVERSION = YES;
				CLANG_WARN_OBJC_IMPLICIT_RETAIN_SELF = YES;
				CLANG_WARN_OBJC_LITERAL_CONVERSION = YES;
				CLANG_WARN_OBJC_ROOT_CLASS = YES_ERROR;
				CLANG_WARN_RANGE_LOOP_ANALYSIS = YES;
				CLANG_WARN_STRICT_PROTOTYPES = YES;
				CLANG_WARN_SUSPICIOUS_MOVE = YES;
				CLANG_WARN_UNGUARDED_AVAILABILITY = YES_AGGRESSIVE;
				CLANG_WARN_UNREACHABLE_CODE = YES;
				CLANG_WARN__DUPLICATE_METHOD_MATCH = YES;
				CODE_SIGN_IDENTITY = "iPhone Developer";
				COPY_PHASE_STRIP = NO;
				DEBUG_INFORMATION_FORMAT = "dwarf-with-dsym";
				ENABLE_NS_ASSERTIONS = NO;
				ENABLE_STRICT_OBJC_MSGSEND = YES;
				GCC_C_LANGUAGE_STANDARD = gnu11;
				GCC_NO_COMMON_BLOCKS = YES;
				GCC_WARN_64_TO_32_BIT_CONVERSION = YES;
				GCC_WARN_ABOUT_RETURN_TYPE = YES_ERROR;
				GCC_WARN_UNDECLARED_SELECTOR = YES;
				GCC_WARN_UNINITIALIZED_AUTOS = YES_AGGRESSIVE;
				GCC_WARN_UNUSED_FUNCTION = YES;
				GCC_WARN_UNUSED_VARIABLE = YES;
				IPHONEOS_DEPLOYMENT_TARGET = 11.3;
				MTL_ENABLE_DEBUG_INFO = NO;
				SDKROOT = iphoneos;
				SWIFT_COMPILATION_MODE = wholemodule;
				SWIFT_OPTIMIZATION_LEVEL = "-O";
				VALIDATE_PRODUCT = YES;
			};
			name = Release;
		};
		BEF2C0FA214970E400813775 /* Debug */ = {
			isa = XCBuildConfiguration;
			buildSettings = {
				ASSETCATALOG_COMPILER_APPICON_NAME = AppIcon;
				CODE_SIGN_STYLE = Automatic;
				DEVELOPMENT_TEAM = 8FF6XCH82G;
				INFOPLIST_FILE = DesignCodeApp/Info.plist;
				IPHONEOS_DEPLOYMENT_TARGET = 11.0;
				LD_RUNPATH_SEARCH_PATHS = (
					"$(inherited)",
					"@executable_path/Frameworks",
				);
				PRODUCT_BUNDLE_IDENTIFIER = com.tjvs.designcode.DesignCodeApp;
				PRODUCT_NAME = "$(TARGET_NAME)";
				SWIFT_VERSION = 4.0;
				TARGETED_DEVICE_FAMILY = "1,2";
			};
			name = Debug;
		};
		BEF2C0FB214970E400813775 /* Release */ = {
			isa = XCBuildConfiguration;
			buildSettings = {
				ASSETCATALOG_COMPILER_APPICON_NAME = AppIcon;
				CODE_SIGN_STYLE = Automatic;
				DEVELOPMENT_TEAM = 8FF6XCH82G;
				INFOPLIST_FILE = DesignCodeApp/Info.plist;
				IPHONEOS_DEPLOYMENT_TARGET = 11.0;
				LD_RUNPATH_SEARCH_PATHS = (
					"$(inherited)",
					"@executable_path/Frameworks",
				);
				PRODUCT_BUNDLE_IDENTIFIER = com.tjvs.designcode.DesignCodeApp;
				PRODUCT_NAME = "$(TARGET_NAME)";
				SWIFT_VERSION = 4.0;
				TARGETED_DEVICE_FAMILY = "1,2";
			};
			name = Release;
		};
/* End XCBuildConfiguration section */

/* Begin XCConfigurationList section */
		BEF2C0DF214970E200813775 /* Build configuration list for PBXProject "DesignCodeApp" */ = {
			isa = XCConfigurationList;
			buildConfigurations = (
				BEF2C0F7214970E400813775 /* Debug */,
				BEF2C0F8214970E400813775 /* Release */,
			);
			defaultConfigurationIsVisible = 0;
			defaultConfigurationName = Release;
		};
		BEF2C0F9214970E400813775 /* Build configuration list for PBXNativeTarget "DesignCodeApp" */ = {
			isa = XCConfigurationList;
			buildConfigurations = (
				BEF2C0FA214970E400813775 /* Debug */,
				BEF2C0FB214970E400813775 /* Release */,
			);
			defaultConfigurationIsVisible = 0;
			defaultConfigurationName = Release;
		};
/* End XCConfigurationList section */

/* Begin XCVersionGroup section */
		BEF2C0EE214970E200813775 /* DesignCodeApp.xcdatamodeld */ = {
			isa = XCVersionGroup;
			children = (
				BEF2C0EF214970E200813775 /* DesignCodeApp.xcdatamodel */,
			);
			currentVersion = BEF2C0EF214970E200813775 /* DesignCodeApp.xcdatamodel */;
			path = DesignCodeApp.xcdatamodeld;
			sourceTree = "<group>";
			versionGroupType = wrapper.xcdatamodel;
		};
/* End XCVersionGroup section */
	};
	rootObject = BEF2C0DC214970E200813775 /* Project object */;
}
