// !$*UTF8*$!
{
	archiveVersion = 1;
	classes = {
	};
	objectVersion = 48;
	objects = {

/* Begin PBXBuildFile section */
		5189C503857E01646A031068 /* Pods_DesignCodeApp.framework in Frameworks */ = {isa = PBXBuildFile; fileRef = 7A23DFE26F0F43D55BFECA3F /* Pods_DesignCodeApp.framework */; };
		9698CD1F1FBB5DE000501C47 /* AppDelegate.swift in Sources */ = {isa = PBXBuildFile; fileRef = 9698CD1E1FBB5DE000501C47 /* AppDelegate.swift */; };
		9698CD211FBB5DE000501C47 /* HomeViewController.swift in Sources */ = {isa = PBXBuildFile; fileRef = 9698CD201FBB5DE000501C47 /* HomeViewController.swift */; };
		9698CD241FBB5DE000501C47 /* Main.storyboard in Resources */ = {isa = PBXBuildFile; fileRef = 9698CD221FBB5DE000501C47 /* Main.storyboard */; };
		9698CD271FBB5DE000501C47 /* DesignCodeApp.xcdatamodeld in Sources */ = {isa = PBXBuildFile; fileRef = 9698CD251FBB5DE000501C47 /* DesignCodeApp.xcdatamodeld */; };
		9698CD291FBB5DE000501C47 /* Assets.xcassets in Resources */ = {isa = PBXBuildFile; fileRef = 9698CD281FBB5DE000501C47 /* Assets.xcassets */; };
		9698CD2C1FBB5DE000501C47 /* LaunchScreen.storyboard in Resources */ = {isa = PBXBuildFile; fileRef = 9698CD2A1FBB5DE000501C47 /* LaunchScreen.storyboard */; };
		BE007FC2214A2D49001205D7 /* Data.swift in Sources */ = {isa = PBXBuildFile; fileRef = BE007FC1214A2D49001205D7 /* Data.swift */; };
		BE007FC4214A2DBF001205D7 /* SectionCollectionViewCell.swift in Sources */ = {isa = PBXBuildFile; fileRef = BE007FC3214A2DBF001205D7 /* SectionCollectionViewCell.swift */; };
		BE03DD5B2151B86000E4C336 /* DiscountViewController.swift in Sources */ = {isa = PBXBuildFile; fileRef = BE03DD5A2151B86000E4C336 /* DiscountViewController.swift */; };
		BE5BBE7F2151817A00702DD3 /* InteractionPanToClose.swift in Sources */ = {isa = PBXBuildFile; fileRef = BE5BBE7E2151817A00702DD3 /* InteractionPanToClose.swift */; };
		BE95E000214B5B8900391597 /* TestimonialViewController.swift in Sources */ = {isa = PBXBuildFile; fileRef = BE95DFFF214B5B8900391597 /* TestimonialViewController.swift */; };
		BE95E002214B5BAE00391597 /* TestimonialCollectionViewCell.swift in Sources */ = {isa = PBXBuildFile; fileRef = BE95E001214B5BAE00391597 /* TestimonialCollectionViewCell.swift */; };
		BE95E004214B62F900391597 /* SectionViewController.swift in Sources */ = {isa = PBXBuildFile; fileRef = BE95E003214B62F900391597 /* SectionViewController.swift */; };
		BE95E006214CB21900391597 /* ChaptersViewController.swift in Sources */ = {isa = PBXBuildFile; fileRef = BE95E005214CB21900391597 /* ChaptersViewController.swift */; };
		BE95E008214CBA9200391597 /* BookmarksTableViewController.swift in Sources */ = {isa = PBXBuildFile; fileRef = BE95E007214CBA9200391597 /* BookmarksTableViewController.swift */; };
		BE95E00A214CC65000391597 /* BookmarkTableViewCell.swift in Sources */ = {isa = PBXBuildFile; fileRef = BE95E009214CC65000391597 /* BookmarkTableViewCell.swift */; };
		BEB76942215187030093E995 /* PurchaseViewController.swift in Sources */ = {isa = PBXBuildFile; fileRef = BEB76941215187030093E995 /* PurchaseViewController.swift */; };
		BEDFE987214DC4A0001E1D53 /* PresentSectionViewController.swift in Sources */ = {isa = PBXBuildFile; fileRef = BEDFE986214DC4A0001E1D53 /* PresentSectionViewController.swift */; };
		BEDFE989214E06E2001E1D53 /* DismissSectionViewController.swift in Sources */ = {isa = PBXBuildFile; fileRef = BEDFE988214E06E2001E1D53 /* DismissSectionViewController.swift */; };
/* End PBXBuildFile section */

/* Begin PBXFileReference section */
		7A23DFE26F0F43D55BFECA3F /* Pods_DesignCodeApp.framework */ = {isa = PBXFileReference; explicitFileType = wrapper.framework; includeInIndex = 0; path = Pods_DesignCodeApp.framework; sourceTree = BUILT_PRODUCTS_DIR; };
		953ADF5CD4D75CB94AB8620E /* Pods-DesignCodeApp.release.xcconfig */ = {isa = PBXFileReference; includeInIndex = 1; lastKnownFileType = text.xcconfig; name = "Pods-DesignCodeApp.release.xcconfig"; path = "Pods/Target Support Files/Pods-DesignCodeApp/Pods-DesignCodeApp.release.xcconfig"; sourceTree = "<group>"; };
		9698CD1B1FBB5DE000501C47 /* DesignCodeApp.app */ = {isa = PBXFileReference; explicitFileType = wrapper.application; includeInIndex = 0; path = DesignCodeApp.app; sourceTree = BUILT_PRODUCTS_DIR; };
		9698CD1E1FBB5DE000501C47 /* AppDelegate.swift */ = {isa = PBXFileReference; lastKnownFileType = sourcecode.swift; path = AppDelegate.swift; sourceTree = "<group>"; };
		9698CD201FBB5DE000501C47 /* HomeViewController.swift */ = {isa = PBXFileReference; lastKnownFileType = sourcecode.swift; path = HomeViewController.swift; sourceTree = "<group>"; };
		9698CD231FBB5DE000501C47 /* Base */ = {isa = PBXFileReference; lastKnownFileType = file.storyboard; name = Base; path = Base.lproj/Main.storyboard; sourceTree = "<group>"; };
		9698CD261FBB5DE000501C47 /* DesignCodeApp.xcdatamodel */ = {isa = PBXFileReference; lastKnownFileType = wrapper.xcdatamodel; path = DesignCodeApp.xcdatamodel; sourceTree = "<group>"; };
		9698CD281FBB5DE000501C47 /* Assets.xcassets */ = {isa = PBXFileReference; lastKnownFileType = folder.assetcatalog; path = Assets.xcassets; sourceTree = "<group>"; };
		9698CD2B1FBB5DE000501C47 /* Base */ = {isa = PBXFileReference; lastKnownFileType = file.storyboard; name = Base; path = Base.lproj/LaunchScreen.storyboard; sourceTree = "<group>"; };
		9698CD2D1FBB5DE000501C47 /* Info.plist */ = {isa = PBXFileReference; lastKnownFileType = text.plist.xml; path = Info.plist; sourceTree = "<group>"; };
		A3251C8C916BD508840307B8 /* Pods-DesignCodeApp.debug.xcconfig */ = {isa = PBXFileReference; includeInIndex = 1; lastKnownFileType = text.xcconfig; name = "Pods-DesignCodeApp.debug.xcconfig"; path = "Pods/Target Support Files/Pods-DesignCodeApp/Pods-DesignCodeApp.debug.xcconfig"; sourceTree = "<group>"; };
		BE007FC1214A2D49001205D7 /* Data.swift */ = {isa = PBXFileReference; lastKnownFileType = sourcecode.swift; path = Data.swift; sourceTree = "<group>"; };
		BE007FC3214A2DBF001205D7 /* SectionCollectionViewCell.swift */ = {isa = PBXFileReference; lastKnownFileType = sourcecode.swift; path = SectionCollectionViewCell.swift; sourceTree = "<group>"; };
		BE03DD5A2151B86000E4C336 /* DiscountViewController.swift */ = {isa = PBXFileReference; lastKnownFileType = sourcecode.swift; path = DiscountViewController.swift; sourceTree = "<group>"; };
		BE5BBE7E2151817A00702DD3 /* InteractionPanToClose.swift */ = {isa = PBXFileReference; lastKnownFileType = sourcecode.swift; path = InteractionPanToClose.swift; sourceTree = "<group>"; };
		BE95DFFF214B5B8900391597 /* TestimonialViewController.swift */ = {isa = PBXFileReference; lastKnownFileType = sourcecode.swift; path = TestimonialViewController.swift; sourceTree = "<group>"; };
		BE95E001214B5BAE00391597 /* TestimonialCollectionViewCell.swift */ = {isa = PBXFileReference; lastKnownFileType = sourcecode.swift; path = TestimonialCollectionViewCell.swift; sourceTree = "<group>"; };
		BE95E003214B62F900391597 /* SectionViewController.swift */ = {isa = PBXFileReference; lastKnownFileType = sourcecode.swift; path = SectionViewController.swift; sourceTree = "<group>"; };
		BE95E005214CB21900391597 /* ChaptersViewController.swift */ = {isa = PBXFileReference; lastKnownFileType = sourcecode.swift; path = ChaptersViewController.swift; sourceTree = "<group>"; };
		BE95E007214CBA9200391597 /* BookmarksTableViewController.swift */ = {isa = PBXFileReference; lastKnownFileType = sourcecode.swift; path = BookmarksTableViewController.swift; sourceTree = "<group>"; };
		BE95E009214CC65000391597 /* BookmarkTableViewCell.swift */ = {isa = PBXFileReference; lastKnownFileType = sourcecode.swift; path = BookmarkTableViewCell.swift; sourceTree = "<group>"; };
		BEB76941215187030093E995 /* PurchaseViewController.swift */ = {isa = PBXFileReference; lastKnownFileType = sourcecode.swift; path = PurchaseViewController.swift; sourceTree = "<group>"; };
		BEDFE986214DC4A0001E1D53 /* PresentSectionViewController.swift */ = {isa = PBXFileReference; lastKnownFileType = sourcecode.swift; path = PresentSectionViewController.swift; sourceTree = "<group>"; };
		BEDFE988214E06E2001E1D53 /* DismissSectionViewController.swift */ = {isa = PBXFileReference; lastKnownFileType = sourcecode.swift; path = DismissSectionViewController.swift; sourceTree = "<group>"; };
/* End PBXFileReference section */

/* Begin PBXFrameworksBuildPhase section */
		9698CD181FBB5DE000501C47 /* Frameworks */ = {
			isa = PBXFrameworksBuildPhase;
			buildActionMask = 2147483647;
			files = (
				5189C503857E01646A031068 /* Pods_DesignCodeApp.framework in Frameworks */,
			);
			runOnlyForDeploymentPostprocessing = 0;
		};
/* End PBXFrameworksBuildPhase section */

/* Begin PBXGroup section */
		9698CD121FBB5DE000501C47 = {
			isa = PBXGroup;
			children = (
				BE03DD5A2151B86000E4C336 /* DiscountViewController.swift */,
				9698CD1D1FBB5DE000501C47 /* DesignCodeApp */,
				9698CD1C1FBB5DE000501C47 /* Products */,
				E6E7B4880D24C99DEB1DDAAD /* Pods */,
				D579EBE162249AF52B71A70A /* Frameworks */,
			);
			sourceTree = "<group>";
		};
		9698CD1C1FBB5DE000501C47 /* Products */ = {
			isa = PBXGroup;
			children = (
				9698CD1B1FBB5DE000501C47 /* DesignCodeApp.app */,
			);
			name = Products;
			sourceTree = "<group>";
		};
		9698CD1D1FBB5DE000501C47 /* DesignCodeApp */ = {
			isa = PBXGroup;
			children = (
				9698CD1E1FBB5DE000501C47 /* AppDelegate.swift */,
				9698CD201FBB5DE000501C47 /* HomeViewController.swift */,
				BE95E005214CB21900391597 /* ChaptersViewController.swift */,
				BE007FC1214A2D49001205D7 /* Data.swift */,
				BE007FC3214A2DBF001205D7 /* SectionCollectionViewCell.swift */,
				BE95E003214B62F900391597 /* SectionViewController.swift */,
				9698CD221FBB5DE000501C47 /* Main.storyboard */,
				BE5BBE7E2151817A00702DD3 /* InteractionPanToClose.swift */,
				BEDFE986214DC4A0001E1D53 /* PresentSectionViewController.swift */,
				BEB76941215187030093E995 /* PurchaseViewController.swift */,
				BEDFE988214E06E2001E1D53 /* DismissSectionViewController.swift */,
				BE95E009214CC65000391597 /* BookmarkTableViewCell.swift */,
				BE95E007214CBA9200391597 /* BookmarksTableViewController.swift */,
				BE95E001214B5BAE00391597 /* TestimonialCollectionViewCell.swift */,
				BE95DFFF214B5B8900391597 /* TestimonialViewController.swift */,
				9698CD281FBB5DE000501C47 /* Assets.xcassets */,
				9698CD2A1FBB5DE000501C47 /* LaunchScreen.storyboard */,
				9698CD2D1FBB5DE000501C47 /* Info.plist */,
				9698CD251FBB5DE000501C47 /* DesignCodeApp.xcdatamodeld */,
			);
			path = DesignCodeApp;
			sourceTree = "<group>";
		};
		D579EBE162249AF52B71A70A /* Frameworks */ = {
			isa = PBXGroup;
			children = (
				7A23DFE26F0F43D55BFECA3F /* Pods_DesignCodeApp.framework */,
			);
			name = Frameworks;
			sourceTree = "<group>";
		};
		E6E7B4880D24C99DEB1DDAAD /* Pods */ = {
			isa = PBXGroup;
			children = (
				A3251C8C916BD508840307B8 /* Pods-DesignCodeApp.debug.xcconfig */,
				953ADF5CD4D75CB94AB8620E /* Pods-DesignCodeApp.release.xcconfig */,
			);
			name = Pods;
			sourceTree = "<group>";
		};
/* End PBXGroup section */

/* Begin PBXNativeTarget section */
		9698CD1A1FBB5DE000501C47 /* DesignCodeApp */ = {
			isa = PBXNativeTarget;
			buildConfigurationList = 9698CD301FBB5DE000501C47 /* Build configuration list for PBXNativeTarget "DesignCodeApp" */;
			buildPhases = (
				E867F249299DB3289502A41F /* [CP] Check Pods Manifest.lock */,
				9698CD171FBB5DE000501C47 /* Sources */,
				9698CD181FBB5DE000501C47 /* Frameworks */,
				9698CD191FBB5DE000501C47 /* Resources */,
				9F3F37A41DA5BDE88ED6C252 /* [CP] Embed Pods Frameworks */,
			);
			buildRules = (
			);
			dependencies = (
			);
			name = DesignCodeApp;
			productName = DesignCodeApp;
			productReference = 9698CD1B1FBB5DE000501C47 /* DesignCodeApp.app */;
			productType = "com.apple.product-type.application";
		};
/* End PBXNativeTarget section */

/* Begin PBXProject section */
		9698CD131FBB5DE000501C47 /* Project object */ = {
			isa = PBXProject;
			attributes = {
				LastSwiftUpdateCheck = 0910;
				LastUpgradeCheck = 0910;
				ORGANIZATIONNAME = "Meng To";
				TargetAttributes = {
					9698CD1A1FBB5DE000501C47 = {
						CreatedOnToolsVersion = 9.1;
						ProvisioningStyle = Automatic;
					};
				};
			};
			buildConfigurationList = 9698CD161FBB5DE000501C47 /* Build configuration list for PBXProject "DesignCodeApp" */;
			compatibilityVersion = "Xcode 8.0";
			developmentRegion = en;
			hasScannedForEncodings = 0;
			knownRegions = (
				en,
				Base,
			);
			mainGroup = 9698CD121FBB5DE000501C47;
			productRefGroup = 9698CD1C1FBB5DE000501C47 /* Products */;
			projectDirPath = "";
			projectRoot = "";
			targets = (
				9698CD1A1FBB5DE000501C47 /* DesignCodeApp */,
			);
		};
/* End PBXProject section */

/* Begin PBXResourcesBuildPhase section */
		9698CD191FBB5DE000501C47 /* Resources */ = {
			isa = PBXResourcesBuildPhase;
			buildActionMask = 2147483647;
			files = (
				9698CD2C1FBB5DE000501C47 /* LaunchScreen.storyboard in Resources */,
				9698CD291FBB5DE000501C47 /* Assets.xcassets in Resources */,
				9698CD241FBB5DE000501C47 /* Main.storyboard in Resources */,
			);
			runOnlyForDeploymentPostprocessing = 0;
		};
/* End PBXResourcesBuildPhase section */

/* Begin PBXShellScriptBuildPhase section */
		9F3F37A41DA5BDE88ED6C252 /* [CP] Embed Pods Frameworks */ = {
			isa = PBXShellScriptBuildPhase;
			buildActionMask = 2147483647;
			files = (
			);
			inputPaths = (
				"${SRCROOT}/Pods/Target Support Files/Pods-DesignCodeApp/Pods-DesignCodeApp-frameworks.sh",
				"${BUILT_PRODUCTS_DIR}/Alamofire/Alamofire.framework",
				"${BUILT_PRODUCTS_DIR}/Spring/Spring.framework",
				"${BUILT_PRODUCTS_DIR}/ViewAnimator/ViewAnimator.framework",
			);
			name = "[CP] Embed Pods Frameworks";
			outputPaths = (
				"${TARGET_BUILD_DIR}/${FRAMEWORKS_FOLDER_PATH}/Alamofire.framework",
				"${TARGET_BUILD_DIR}/${FRAMEWORKS_FOLDER_PATH}/Spring.framework",
				"${TARGET_BUILD_DIR}/${FRAMEWORKS_FOLDER_PATH}/ViewAnimator.framework",
			);
			runOnlyForDeploymentPostprocessing = 0;
			shellPath = /bin/sh;
			shellScript = "\"${SRCROOT}/Pods/Target Support Files/Pods-DesignCodeApp/Pods-DesignCodeApp-frameworks.sh\"\n";
			showEnvVarsInLog = 0;
		};
		E867F249299DB3289502A41F /* [CP] Check Pods Manifest.lock */ = {
			isa = PBXShellScriptBuildPhase;
			buildActionMask = 2147483647;
			files = (
			);
			inputPaths = (
				"${PODS_PODFILE_DIR_PATH}/Podfile.lock",
				"${PODS_ROOT}/Manifest.lock",
			);
			name = "[CP] Check Pods Manifest.lock";
			outputPaths = (
				"$(DERIVED_FILE_DIR)/Pods-DesignCodeApp-checkManifestLockResult.txt",
			);
			runOnlyForDeploymentPostprocessing = 0;
			shellPath = /bin/sh;
			shellScript = "diff \"${PODS_PODFILE_DIR_PATH}/Podfile.lock\" \"${PODS_ROOT}/Manifest.lock\" > /dev/null\nif [ $? != 0 ] ; then\n    # print error to STDERR\n    echo \"error: The sandbox is not in sync with the Podfile.lock. Run 'pod install' or update your CocoaPods installation.\" >&2\n    exit 1\nfi\n# This output is used by Xcode 'outputs' to avoid re-running this script phase.\necho \"SUCCESS\" > \"${SCRIPT_OUTPUT_FILE_0}\"\n";
			showEnvVarsInLog = 0;
		};
/* End PBXShellScriptBuildPhase section */

/* Begin PBXSourcesBuildPhase section */
		9698CD171FBB5DE000501C47 /* Sources */ = {
			isa = PBXSourcesBuildPhase;
			buildActionMask = 2147483647;
			files = (
				9698CD211FBB5DE000501C47 /* HomeViewController.swift in Sources */,
				BE95E008214CBA9200391597 /* BookmarksTableViewController.swift in Sources */,
				BEDFE987214DC4A0001E1D53 /* PresentSectionViewController.swift in Sources */,
				BE007FC4214A2DBF001205D7 /* SectionCollectionViewCell.swift in Sources */,
				BE5BBE7F2151817A00702DD3 /* InteractionPanToClose.swift in Sources */,
				BEB76942215187030093E995 /* PurchaseViewController.swift in Sources */,
				BE95E004214B62F900391597 /* SectionViewController.swift in Sources */,
				BE95E00A214CC65000391597 /* BookmarkTableViewCell.swift in Sources */,
				BE95E000214B5B8900391597 /* TestimonialViewController.swift in Sources */,
				9698CD1F1FBB5DE000501C47 /* AppDelegate.swift in Sources */,
				BEDFE989214E06E2001E1D53 /* DismissSectionViewController.swift in Sources */,
				9698CD271FBB5DE000501C47 /* DesignCodeApp.xcdatamodeld in Sources */,
				BE95E002214B5BAE00391597 /* TestimonialCollectionViewCell.swift in Sources */,
				BE007FC2214A2D49001205D7 /* Data.swift in Sources */,
				BE95E006214CB21900391597 /* ChaptersViewController.swift in Sources */,
				BE03DD5B2151B86000E4C336 /* DiscountViewController.swift in Sources */,
			);
			runOnlyForDeploymentPostprocessing = 0;
		};
/* End PBXSourcesBuildPhase section */

/* Begin PBXVariantGroup section */
		9698CD221FBB5DE000501C47 /* Main.storyboard */ = {
			isa = PBXVariantGroup;
			children = (
				9698CD231FBB5DE000501C47 /* Base */,
			);
			name = Main.storyboard;
			sourceTree = "<group>";
		};
		9698CD2A1FBB5DE000501C47 /* LaunchScreen.storyboard */ = {
			isa = PBXVariantGroup;
			children = (
				9698CD2B1FBB5DE000501C47 /* Base */,
			);
			name = LaunchScreen.storyboard;
			sourceTree = "<group>";
		};
/* End PBXVariantGroup section */

/* Begin XCBuildConfiguration section */
		9698CD2E1FBB5DE000501C47 /* Debug */ = {
			isa = XCBuildConfiguration;
			buildSettings = {
				ALWAYS_SEARCH_USER_PATHS = NO;
				CLANG_ANALYZER_NONNULL = YES;
				CLANG_ANALYZER_NUMBER_OBJECT_CONVERSION = YES_AGGRESSIVE;
				CLANG_CXX_LANGUAGE_STANDARD = "gnu++14";
				CLANG_CXX_LIBRARY = "libc++";
				CLANG_ENABLE_MODULES = YES;
				CLANG_ENABLE_OBJC_ARC = YES;
				CLANG_WARN_BLOCK_CAPTURE_AUTORELEASING = YES;
				CLANG_WARN_BOOL_CONVERSION = YES;
				CLANG_WARN_COMMA = YES;
				CLANG_WARN_CONSTANT_CONVERSION = YES;
				CLANG_WARN_DIRECT_OBJC_ISA_USAGE = YES_ERROR;
				CLANG_WARN_DOCUMENTATION_COMMENTS = YES;
				CLANG_WARN_EMPTY_BODY = YES;
				CLANG_WARN_ENUM_CONVERSION = YES;
				CLANG_WARN_INFINITE_RECURSION = YES;
				CLANG_WARN_INT_CONVERSION = YES;
				CLANG_WARN_NON_LITERAL_NULL_CONVERSION = YES;
				CLANG_WARN_OBJC_LITERAL_CONVERSION = YES;
				CLANG_WARN_OBJC_ROOT_CLASS = YES_ERROR;
				CLANG_WARN_RANGE_LOOP_ANALYSIS = YES;
				CLANG_WARN_STRICT_PROTOTYPES = YES;
				CLANG_WARN_SUSPICIOUS_MOVE = YES;
				CLANG_WARN_UNGUARDED_AVAILABILITY = YES_AGGRESSIVE;
				CLANG_WARN_UNREACHABLE_CODE = YES;
				CLANG_WARN__DUPLICATE_METHOD_MATCH = YES;
				CODE_SIGN_IDENTITY = "iPhone Developer";
				COPY_PHASE_STRIP = NO;
				DEBUG_INFORMATION_FORMAT = dwarf;
				ENABLE_STRICT_OBJC_MSGSEND = YES;
				ENABLE_TESTABILITY = YES;
				GCC_C_LANGUAGE_STANDARD = gnu11;
				GCC_DYNAMIC_NO_PIC = NO;
				GCC_NO_COMMON_BLOCKS = YES;
				GCC_OPTIMIZATION_LEVEL = 0;
				GCC_PREPROCESSOR_DEFINITIONS = (
					"DEBUG=1",
					"$(inherited)",
				);
				GCC_WARN_64_TO_32_BIT_CONVERSION = YES;
				GCC_WARN_ABOUT_RETURN_TYPE = YES_ERROR;
				GCC_WARN_UNDECLARED_SELECTOR = YES;
				GCC_WARN_UNINITIALIZED_AUTOS = YES_AGGRESSIVE;
				GCC_WARN_UNUSED_FUNCTION = YES;
				GCC_WARN_UNUSED_VARIABLE = YES;
				IPHONEOS_DEPLOYMENT_TARGET = 11.1;
				MTL_ENABLE_DEBUG_INFO = YES;
				ONLY_ACTIVE_ARCH = YES;
				SDKROOT = iphoneos;
				SWIFT_ACTIVE_COMPILATION_CONDITIONS = DEBUG;
				SWIFT_OPTIMIZATION_LEVEL = "-Onone";
			};
			name = Debug;
		};
		9698CD2F1FBB5DE000501C47 /* Release */ = {
			isa = XCBuildConfiguration;
			buildSettings = {
				ALWAYS_SEARCH_USER_PATHS = NO;
				CLANG_ANALYZER_NONNULL = YES;
				CLANG_ANALYZER_NUMBER_OBJECT_CONVERSION = YES_AGGRESSIVE;
				CLANG_CXX_LANGUAGE_STANDARD = "gnu++14";
				CLANG_CXX_LIBRARY = "libc++";
				CLANG_ENABLE_MODULES = YES;
				CLANG_ENABLE_OBJC_ARC = YES;
				CLANG_WARN_BLOCK_CAPTURE_AUTORELEASING = YES;
				CLANG_WARN_BOOL_CONVERSION = YES;
				CLANG_WARN_COMMA = YES;
				CLANG_WARN_CONSTANT_CONVERSION = YES;
				CLANG_WARN_DIRECT_OBJC_ISA_USAGE = YES_ERROR;
				CLANG_WARN_DOCUMENTATION_COMMENTS = YES;
				CLANG_WARN_EMPTY_BODY = YES;
				CLANG_WARN_ENUM_CONVERSION = YES;
				CLANG_WARN_INFINITE_RECURSION = YES;
				CLANG_WARN_INT_CONVERSION = YES;
				CLANG_WARN_NON_LITERAL_NULL_CONVERSION = YES;
				CLANG_WARN_OBJC_LITERAL_CONVERSION = YES;
				CLANG_WARN_OBJC_ROOT_CLASS = YES_ERROR;
				CLANG_WARN_RANGE_LOOP_ANALYSIS = YES;
				CLANG_WARN_STRICT_PROTOTYPES = YES;
				CLANG_WARN_SUSPICIOUS_MOVE = YES;
				CLANG_WARN_UNGUARDED_AVAILABILITY = YES_AGGRESSIVE;
				CLANG_WARN_UNREACHABLE_CODE = YES;
				CLANG_WARN__DUPLICATE_METHOD_MATCH = YES;
				CODE_SIGN_IDENTITY = "iPhone Developer";
				COPY_PHASE_STRIP = NO;
				DEBUG_INFORMATION_FORMAT = "dwarf-with-dsym";
				ENABLE_NS_ASSERTIONS = NO;
				ENABLE_STRICT_OBJC_MSGSEND = YES;
				GCC_C_LANGUAGE_STANDARD = gnu11;
				GCC_NO_COMMON_BLOCKS = YES;
				GCC_WARN_64_TO_32_BIT_CONVERSION = YES;
				GCC_WARN_ABOUT_RETURN_TYPE = YES_ERROR;
				GCC_WARN_UNDECLARED_SELECTOR = YES;
				GCC_WARN_UNINITIALIZED_AUTOS = YES_AGGRESSIVE;
				GCC_WARN_UNUSED_FUNCTION = YES;
				GCC_WARN_UNUSED_VARIABLE = YES;
				IPHONEOS_DEPLOYMENT_TARGET = 11.1;
				MTL_ENABLE_DEBUG_INFO = NO;
				SDKROOT = iphoneos;
				SWIFT_OPTIMIZATION_LEVEL = "-Owholemodule";
				VALIDATE_PRODUCT = YES;
			};
			name = Release;
		};
		9698CD311FBB5DE000501C47 /* Debug */ = {
			isa = XCBuildConfiguration;
			baseConfigurationReference = A3251C8C916BD508840307B8 /* Pods-DesignCodeApp.debug.xcconfig */;
			buildSettings = {
				ASSETCATALOG_COMPILER_APPICON_NAME = AppIcon;
				CODE_SIGN_STYLE = Automatic;
				DEVELOPMENT_TEAM = PXNF5FBHKW;
				INFOPLIST_FILE = DesignCodeApp/Info.plist;
				LD_RUNPATH_SEARCH_PATHS = "$(inherited) @executable_path/Frameworks";
				PRODUCT_BUNDLE_IDENTIFIER = com.tjvs.DesignCodeApp;
				PRODUCT_NAME = "$(TARGET_NAME)";
				SWIFT_VERSION = 4.0;
				TARGETED_DEVICE_FAMILY = "1,2";
			};
			name = Debug;
		};
		9698CD321FBB5DE000501C47 /* Release */ = {
			isa = XCBuildConfiguration;
			baseConfigurationReference = 953ADF5CD4D75CB94AB8620E /* Pods-DesignCodeApp.release.xcconfig */;
			buildSettings = {
				ASSETCATALOG_COMPILER_APPICON_NAME = AppIcon;
				CODE_SIGN_STYLE = Automatic;
				DEVELOPMENT_TEAM = PXNF5FBHKW;
				INFOPLIST_FILE = DesignCodeApp/Info.plist;
				LD_RUNPATH_SEARCH_PATHS = "$(inherited) @executable_path/Frameworks";
				PRODUCT_BUNDLE_IDENTIFIER = com.tjvs.DesignCodeApp;
				PRODUCT_NAME = "$(TARGET_NAME)";
				SWIFT_VERSION = 4.0;
				TARGETED_DEVICE_FAMILY = "1,2";
			};
			name = Release;
		};
/* End XCBuildConfiguration section */

/* Begin XCConfigurationList section */
		9698CD161FBB5DE000501C47 /* Build configuration list for PBXProject "DesignCodeApp" */ = {
			isa = XCConfigurationList;
			buildConfigurations = (
				9698CD2E1FBB5DE000501C47 /* Debug */,
				9698CD2F1FBB5DE000501C47 /* Release */,
			);
			defaultConfigurationIsVisible = 0;
			defaultConfigurationName = Release;
		};
		9698CD301FBB5DE000501C47 /* Build configuration list for PBXNativeTarget "DesignCodeApp" */ = {
			isa = XCConfigurationList;
			buildConfigurations = (
				9698CD311FBB5DE000501C47 /* Debug */,
				9698CD321FBB5DE000501C47 /* Release */,
			);
			defaultConfigurationIsVisible = 0;
			defaultConfigurationName = Release;
		};
/* End XCConfigurationList section */

/* Begin XCVersionGroup section */
		9698CD251FBB5DE000501C47 /* DesignCodeApp.xcdatamodeld */ = {
			isa = XCVersionGroup;
			children = (
				9698CD261FBB5DE000501C47 /* DesignCodeApp.xcdatamodel */,
			);
			currentVersion = 9698CD261FBB5DE000501C47 /* DesignCodeApp.xcdatamodel */;
			path = DesignCodeApp.xcdatamodeld;
			sourceTree = "<group>";
			versionGroupType = wrapper.xcdatamodel;
		};
/* End XCVersionGroup section */
	};
	rootObject = 9698CD131FBB5DE000501C47 /* Project object */;
}
