<?xml version="1.0" encoding="UTF-8"?>
<Scheme
   version = "1.3">
   <BuildAction>
      <BuildActionEntries>
         <BuildActionEntry
            buildForRunning = "YES">
            <BuildableReference
               BuildableIdentifier = "primary"
               BlueprintIdentifier = "9698CD1A1FBB5DE000501C47"
               BuildableName = "DesignCodeApp.app"
               BlueprintName = "DesignCodeApp"
               ReferencedContainer = "container:DesignCodeApp.xcodeproj">
            </BuildableReference>
         </BuildActionEntry>
      </BuildActionEntries>
   </BuildAction>
   <LaunchAction
      useCustomWorkingDirectory = "NO"
      buildConfiguration = "Debug"
      allowLocationSimulation = "YES">
      <BuildableProductRunnable>
         <BuildableReference
            BuildableIdentifier = "primary"
            BlueprintIdentifier = "9698CD1A1FBB5DE000501C47"
            BuildableName = "DesignCodeApp.app"
            BlueprintName = "DesignCodeApp"
            ReferencedContainer = "container:DesignCodeApp.xcodeproj">
         </BuildableReference>
      </BuildableProductRunnable>
   </LaunchAction>
</Scheme>
